
Microsoft Visual Studio Solution File, Format Version 12.00
# Visual Studio Version 16
VisualStudioVersion = 16.0.29728.190
MinimumVisualStudioVersion = 10.0.40219.1
Project("{FAE04EC0-301F-11D3-BF4B-00C04F79EFBC}") = "Lab1-A4-NRK3", "Lab1-A4-NRK3\Lab1-A4-NRK3.csproj", "{BF05C587-3B91-44CF-9720-5F448020B99F}"
EndProject
Global
	GlobalSection(SolutionConfigurationPlatforms) = preSolution
		Debug|Any CPU = Debug|Any CPU
		Release|Any CPU = Release|Any CPU
	EndGlobalSection
	GlobalSection(ProjectConfigurationPlatforms) = postSolution
		{BF05C587-3B91-44CF-9720-5F448020B99F}.Debug|Any CPU.ActiveCfg = Debug|Any CPU
		{BF05C587-3B91-44CF-9720-5F448020B99F}.Debug|Any CPU.Build.0 = Debug|Any CPU
		{BF05C587-3B91-44CF-9720-5F448020B99F}.Release|Any CPU.ActiveCfg = Release|Any CPU
		{BF05C587-3B91-44CF-9720-5F448020B99F}.Release|Any CPU.Build.0 = Release|Any CPU
	EndGlobalSection
	GlobalSection(SolutionProperties) = preSolution
		HideSolutionNode = FALSE
	EndGlobalSection
	GlobalSection(ExtensibilityGlobals) = postSolution
		SolutionGuid = {F222C23C-1542-4FCE-9771-6A2A0AEF0B30}
	EndGlobalSection
EndGlobal
